
Microsoft Visual Studio Solution File, Format Version 12.00
# Visual Studio 15
VisualStudioVersion = 15.0.28010.2041
MinimumVisualStudioVersion = 10.0.40219.1
Project("{FAE04EC0-301F-11D3-BF4B-00C04F79EFBC}") = "PermCipher", "PermCipher\PermCipher.csproj", "{77D1F546-7BC1-4EF9-8608-E85BE1BF004C}"
EndProject
Global
	GlobalSection(SolutionConfigurationPlatforms) = preSolution
		Debug|Any CPU = Debug|Any CPU
		Release|Any CPU = Release|Any CPU
	EndGlobalSection
	GlobalSection(ProjectConfigurationPlatforms) = postSolution
		{77D1F546-7BC1-4EF9-8608-E85BE1BF004C}.Debug|Any CPU.ActiveCfg = Debug|Any CPU
		{77D1F546-7BC1-4EF9-8608-E85BE1BF004C}.Debug|Any CPU.Build.0 = Debug|Any CPU
		{77D1F546-7BC1-4EF9-8608-E85BE1BF004C}.Release|Any CPU.ActiveCfg = Release|Any CPU
		{77D1F546-7BC1-4EF9-8608-E85BE1BF004C}.Release|Any CPU.Build.0 = Release|Any CPU
	EndGlobalSection
	GlobalSection(SolutionProperties) = preSolution
		HideSolutionNode = FALSE
	EndGlobalSection
	GlobalSection(ExtensibilityGlobals) = postSolution
		SolutionGuid = {B3ECC09E-9700-4813-BCD1-09C0E33C30B7}
	EndGlobalSection
EndGlobal
